{
  "name": "grade",
  "version": "1.0.0",
  "lockfileVersion": 3,
  "requires": true,
  "packages": {
    "": {
      "name": "grade",
      "version": "1.0.0",
      "license": "ISC",
      "dependencies": {
        "ws": "^8.18.0"
      }
    },
    "node_modules/ws": {
      "version": "8.18.1",
      "resolved": "https://repo.huaweicloud.com/repository/npm/ws/-/ws-8.18.1.tgz",
      "integrity": "sha512-RKW2aJZMXeMxVpnZ6bck+RswznaxmzdULiBr6KY7XkTnW8uvt0iT9H5DkHUChXrc+uurzwa0rVI16n/Xzjdz1w==",
      "license": "MIT",
      "engines": {
        "node": ">=10.0.0"
      },
      "peerDependencies": {
        "bufferutil": "^4.0.1",
        "utf-8-validate": ">=5.0.2"
      },
      "peerDependenciesMeta": {
        "bufferutil": {
          "optional": true
        },
        "utf-8-validate": {
          "optional": true
        }
      }
    }
  }
}
